
Microsoft Visual Studio Solution File, Format Version 12.00
# Visual Studio Version 16
VisualStudioVersion = 16.0.31424.327
MinimumVisualStudioVersion = 10.0.40219.1
Project("{8BC9CEB8-8B4A-11D0-8D11-00A0C91BC942}") = "Project2", "Project2\Project2.vcxproj", "{22961707-0B76-48F4-8081-E6D3D5596CC6}"
EndProject
Global
	GlobalSection(SolutionConfigurationPlatforms) = preSolution
		Debug|x64 = Debug|x64
		Debug|x86 = Debug|x86
		Release|x64 = Release|x64
		Release|x86 = Release|x86
	EndGlobalSection
	GlobalSection(ProjectConfigurationPlatforms) = postSolution
		{22961707-0B76-48F4-8081-E6D3D5596CC6}.Debug|x64.ActiveCfg = Debug|x64
		{22961707-0B76-48F4-8081-E6D3D5596CC6}.Debug|x64.Build.0 = Debug|x64
		{22961707-0B76-48F4-8081-E6D3D5596CC6}.Debug|x86.ActiveCfg = Debug|Win32
		{22961707-0B76-48F4-8081-E6D3D5596CC6}.Debug|x86.Build.0 = Debug|Win32
		{22961707-0B76-48F4-8081-E6D3D5596CC6}.Release|x64.ActiveCfg = Release|x64
		{22961707-0B76-48F4-8081-E6D3D5596CC6}.Release|x64.Build.0 = Release|x64
		{22961707-0B76-48F4-8081-E6D3D5596CC6}.Release|x86.ActiveCfg = Release|Win32
		{22961707-0B76-48F4-8081-E6D3D5596CC6}.Release|x86.Build.0 = Release|Win32
	EndGlobalSection
	GlobalSection(SolutionProperties) = preSolution
		HideSolutionNode = FALSE
	EndGlobalSection
	GlobalSection(ExtensibilityGlobals) = postSolution
		SolutionGuid = {337B2A44-1D60-4880-A871-1361FD6CFE91}
	EndGlobalSection
EndGlobal
